// !$*UTF8*$!
{
	archiveVersion = 1;
	classes = {
	};
	objectVersion = 50;
	objects = {

/* Begin PBXBuildFile section */
		6C4C671D2508D69B00EB6B7B /* kai.png in Resources */ = {isa = PBXBuildFile; fileRef = 6C4C671C2508D69B00EB6B7B /* kai.png */; };
		6C4C671F2508D6A000EB6B7B /* shou.png in Resources */ = {isa = PBXBuildFile; fileRef = 6C4C671E2508D6A000EB6B7B /* shou.png */; };
		6CE0E1F32507D85000088ED9 /* AppDelegate.m in Sources */ = {isa = PBXBuildFile; fileRef = 6CE0E1F22507D85000088ED9 /* AppDelegate.m */; };
		6CE0E1F62507D85000088ED9 /* SceneDelegate.m in Sources */ = {isa = PBXBuildFile; fileRef = 6CE0E1F52507D85000088ED9 /* SceneDelegate.m */; };
		6CE0E1F92507D85000088ED9 /* ViewController.m in Sources */ = {isa = PBXBuildFile; fileRef = 6CE0E1F82507D85000088ED9 /* ViewController.m */; };
		6CE0E1FC2507D85000088ED9 /* Main.storyboard in Resources */ = {isa = PBXBuildFile; fileRef = 6CE0E1FA2507D85000088ED9 /* Main.storyboard */; };
		6CE0E1FE2507D85300088ED9 /* Assets.xcassets in Resources */ = {isa = PBXBuildFile; fileRef = 6CE0E1FD2507D85300088ED9 /* Assets.xcassets */; };
		6CE0E2012507D85300088ED9 /* LaunchScreen.storyboard in Resources */ = {isa = PBXBuildFile; fileRef = 6CE0E1FF2507D85300088ED9 /* LaunchScreen.storyboard */; };
		6CE0E2042507D85300088ED9 /* main.m in Sources */ = {isa = PBXBuildFile; fileRef = 6CE0E2032507D85300088ED9 /* main.m */; };
		6CE0E20E2507D85300088ED9 /* _____Tests.m in Sources */ = {isa = PBXBuildFile; fileRef = 6CE0E20D2507D85300088ED9 /* _____Tests.m */; };
		6CE0E2192507D85300088ED9 /* _____UITests.m in Sources */ = {isa = PBXBuildFile; fileRef = 6CE0E2182507D85300088ED9 /* _____UITests.m */; };
		6CE0E2282507DBF100088ED9 /* ViewTableViewCell.m in Sources */ = {isa = PBXBuildFile; fileRef = 6CE0E2272507DBF100088ED9 /* ViewTableViewCell.m */; };
		6CE0E2412507F4E100088ED9 /* 2.png in Resources */ = {isa = PBXBuildFile; fileRef = 6CE0E23C2507F4E100088ED9 /* 2.png */; };
		6CE0E2422507F4E100088ED9 /* 1.png in Resources */ = {isa = PBXBuildFile; fileRef = 6CE0E23D2507F4E100088ED9 /* 1.png */; };
		6CE0E2432507F4E100088ED9 /* 3.png in Resources */ = {isa = PBXBuildFile; fileRef = 6CE0E23E2507F4E100088ED9 /* 3.png */; };
		6CE0E2442507F4E100088ED9 /* 4.png in Resources */ = {isa = PBXBuildFile; fileRef = 6CE0E23F2507F4E100088ED9 /* 4.png */; };
		6CE0E2452507F4E100088ED9 /* 5.png in Resources */ = {isa = PBXBuildFile; fileRef = 6CE0E2402507F4E100088ED9 /* 5.png */; };
		FB7034F054EE14A331FC3AD5 /* libPods-折叠单元格.a in Frameworks */ = {isa = PBXBuildFile; fileRef = 40A5B6E0A016E48FC48B44D2 /* libPods-折叠单元格.a */; };
/* End PBXBuildFile section */

/* Begin PBXContainerItemProxy section */
		6CE0E20A2507D85300088ED9 /* PBXContainerItemProxy */ = {
			isa = PBXContainerItemProxy;
			containerPortal = 6CE0E1E62507D85000088ED9 /* Project object */;
			proxyType = 1;
			remoteGlobalIDString = 6CE0E1ED2507D85000088ED9;
			remoteInfo = "折叠单元格";
		};
		6CE0E2152507D85300088ED9 /* PBXContainerItemProxy */ = {
			isa = PBXContainerItemProxy;
			containerPortal = 6CE0E1E62507D85000088ED9 /* Project object */;
			proxyType = 1;
			remoteGlobalIDString = 6CE0E1ED2507D85000088ED9;
			remoteInfo = "折叠单元格";
		};
/* End PBXContainerItemProxy section */

/* Begin PBXFileReference section */
		40A5B6E0A016E48FC48B44D2 /* libPods-折叠单元格.a */ = {isa = PBXFileReference; explicitFileType = archive.ar; includeInIndex = 0; path = "libPods-折叠单元格.a"; sourceTree = BUILT_PRODUCTS_DIR; };
		6C4C671C2508D69B00EB6B7B /* kai.png */ = {isa = PBXFileReference; lastKnownFileType = image.png; path = kai.png; sourceTree = "<group>"; };
		6C4C671E2508D6A000EB6B7B /* shou.png */ = {isa = PBXFileReference; lastKnownFileType = image.png; path = shou.png; sourceTree = "<group>"; };
		6CE0E1EE2507D85000088ED9 /* 折叠单元格.app */ = {isa = PBXFileReference; explicitFileType = wrapper.application; includeInIndex = 0; path = "折叠单元格.app"; sourceTree = BUILT_PRODUCTS_DIR; };
		6CE0E1F12507D85000088ED9 /* AppDelegate.h */ = {isa = PBXFileReference; lastKnownFileType = sourcecode.c.h; path = AppDelegate.h; sourceTree = "<group>"; };
		6CE0E1F22507D85000088ED9 /* AppDelegate.m */ = {isa = PBXFileReference; lastKnownFileType = sourcecode.c.objc; path = AppDelegate.m; sourceTree = "<group>"; };
		6CE0E1F42507D85000088ED9 /* SceneDelegate.h */ = {isa = PBXFileReference; lastKnownFileType = sourcecode.c.h; path = SceneDelegate.h; sourceTree = "<group>"; };
		6CE0E1F52507D85000088ED9 /* SceneDelegate.m */ = {isa = PBXFileReference; lastKnownFileType = sourcecode.c.objc; path = SceneDelegate.m; sourceTree = "<group>"; };
		6CE0E1F72507D85000088ED9 /* ViewController.h */ = {isa = PBXFileReference; lastKnownFileType = sourcecode.c.h; path = ViewController.h; sourceTree = "<group>"; };
		6CE0E1F82507D85000088ED9 /* ViewController.m */ = {isa = PBXFileReference; lastKnownFileType = sourcecode.c.objc; path = ViewController.m; sourceTree = "<group>"; };
		6CE0E1FB2507D85000088ED9 /* Base */ = {isa = PBXFileReference; lastKnownFileType = file.storyboard; name = Base; path = Base.lproj/Main.storyboard; sourceTree = "<group>"; };
		6CE0E1FD2507D85300088ED9 /* Assets.xcassets */ = {isa = PBXFileReference; lastKnownFileType = folder.assetcatalog; path = Assets.xcassets; sourceTree = "<group>"; };
		6CE0E2002507D85300088ED9 /* Base */ = {isa = PBXFileReference; lastKnownFileType = file.storyboard; name = Base; path = Base.lproj/LaunchScreen.storyboard; sourceTree = "<group>"; };
		6CE0E2022507D85300088ED9 /* Info.plist */ = {isa = PBXFileReference; lastKnownFileType = text.plist.xml; path = Info.plist; sourceTree = "<group>"; };
		6CE0E2032507D85300088ED9 /* main.m */ = {isa = PBXFileReference; lastKnownFileType = sourcecode.c.objc; path = main.m; sourceTree = "<group>"; };
		6CE0E2092507D85300088ED9 /* 折叠单元格Tests.xctest */ = {isa = PBXFileReference; explicitFileType = wrapper.cfbundle; includeInIndex = 0; path = "折叠单元格Tests.xctest"; sourceTree = BUILT_PRODUCTS_DIR; };
		6CE0E20D2507D85300088ED9 /* _____Tests.m */ = {isa = PBXFileReference; lastKnownFileType = sourcecode.c.objc; path = "_____Tests.m"; sourceTree = "<group>"; };
		6CE0E20F2507D85300088ED9 /* Info.plist */ = {isa = PBXFileReference; lastKnownFileType = text.plist.xml; path = Info.plist; sourceTree = "<group>"; };
		6CE0E2142507D85300088ED9 /* 折叠单元格UITests.xctest */ = {isa = PBXFileReference; explicitFileType = wrapper.cfbundle; includeInIndex = 0; path = "折叠单元格UITests.xctest"; sourceTree = BUILT_PRODUCTS_DIR; };
		6CE0E2182507D85300088ED9 /* _____UITests.m */ = {isa = PBXFileReference; lastKnownFileType = sourcecode.c.objc; path = "_____UITests.m"; sourceTree = "<group>"; };
		6CE0E21A2507D85300088ED9 /* Info.plist */ = {isa = PBXFileReference; lastKnownFileType = text.plist.xml; path = Info.plist; sourceTree = "<group>"; };
		6CE0E2262507DBF100088ED9 /* ViewTableViewCell.h */ = {isa = PBXFileReference; lastKnownFileType = sourcecode.c.h; path = ViewTableViewCell.h; sourceTree = "<group>"; };
		6CE0E2272507DBF100088ED9 /* ViewTableViewCell.m */ = {isa = PBXFileReference; lastKnownFileType = sourcecode.c.objc; path = ViewTableViewCell.m; sourceTree = "<group>"; };
		6CE0E23C2507F4E100088ED9 /* 2.png */ = {isa = PBXFileReference; lastKnownFileType = image.png; name = 2.png; path = "素材/2.png"; sourceTree = "<group>"; };
		6CE0E23D2507F4E100088ED9 /* 1.png */ = {isa = PBXFileReference; lastKnownFileType = image.png; name = 1.png; path = "素材/1.png"; sourceTree = "<group>"; };
		6CE0E23E2507F4E100088ED9 /* 3.png */ = {isa = PBXFileReference; lastKnownFileType = image.png; name = 3.png; path = "素材/3.png"; sourceTree = "<group>"; };
		6CE0E23F2507F4E100088ED9 /* 4.png */ = {isa = PBXFileReference; lastKnownFileType = image.png; name = 4.png; path = "素材/4.png"; sourceTree = "<group>"; };
		6CE0E2402507F4E100088ED9 /* 5.png */ = {isa = PBXFileReference; lastKnownFileType = image.png; name = 5.png; path = "素材/5.png"; sourceTree = "<group>"; };
		CF43FC89A594FBD30BDDF56F /* Pods-折叠单元格.debug.xcconfig */ = {isa = PBXFileReference; includeInIndex = 1; lastKnownFileType = text.xcconfig; name = "Pods-折叠单元格.debug.xcconfig"; path = "Target Support Files/Pods-折叠单元格/Pods-折叠单元格.debug.xcconfig"; sourceTree = "<group>"; };
		D3C7698EB3D954770E763E3F /* Pods-折叠单元格.release.xcconfig */ = {isa = PBXFileReference; includeInIndex = 1; lastKnownFileType = text.xcconfig; name = "Pods-折叠单元格.release.xcconfig"; path = "Target Support Files/Pods-折叠单元格/Pods-折叠单元格.release.xcconfig"; sourceTree = "<group>"; };
/* End PBXFileReference section */

/* Begin PBXFrameworksBuildPhase section */
		6CE0E1EB2507D85000088ED9 /* Frameworks */ = {
			isa = PBXFrameworksBuildPhase;
			buildActionMask = 2147483647;
			files = (
				FB7034F054EE14A331FC3AD5 /* libPods-折叠单元格.a in Frameworks */,
			);
			runOnlyForDeploymentPostprocessing = 0;
		};
		6CE0E2062507D85300088ED9 /* Frameworks */ = {
			isa = PBXFrameworksBuildPhase;
			buildActionMask = 2147483647;
			files = (
			);
			runOnlyForDeploymentPostprocessing = 0;
		};
		6CE0E2112507D85300088ED9 /* Frameworks */ = {
			isa = PBXFrameworksBuildPhase;
			buildActionMask = 2147483647;
			files = (
			);
			runOnlyForDeploymentPostprocessing = 0;
		};
/* End PBXFrameworksBuildPhase section */

/* Begin PBXGroup section */
		074CF070EE399A61C78C9122 /* Pods */ = {
			isa = PBXGroup;
			children = (
				CF43FC89A594FBD30BDDF56F /* Pods-折叠单元格.debug.xcconfig */,
				D3C7698EB3D954770E763E3F /* Pods-折叠单元格.release.xcconfig */,
			);
			path = Pods;
			sourceTree = "<group>";
		};
		6CE0E1E52507D85000088ED9 = {
			isa = PBXGroup;
			children = (
				6CE0E23D2507F4E100088ED9 /* 1.png */,
				6CE0E23C2507F4E100088ED9 /* 2.png */,
				6CE0E23E2507F4E100088ED9 /* 3.png */,
				6CE0E23F2507F4E100088ED9 /* 4.png */,
				6CE0E2402507F4E100088ED9 /* 5.png */,
				6C4C671C2508D69B00EB6B7B /* kai.png */,
				6C4C671E2508D6A000EB6B7B /* shou.png */,
				6CE0E1F02507D85000088ED9 /* 折叠单元格 */,
				6CE0E20C2507D85300088ED9 /* 折叠单元格Tests */,
				6CE0E2172507D85300088ED9 /* 折叠单元格UITests */,
				6CE0E1EF2507D85000088ED9 /* Products */,
				074CF070EE399A61C78C9122 /* Pods */,
				91F8D0D20E3B4993C4AAC61A /* Frameworks */,
			);
			sourceTree = "<group>";
		};
		6CE0E1EF2507D85000088ED9 /* Products */ = {
			isa = PBXGroup;
			children = (
				6CE0E1EE2507D85000088ED9 /* 折叠单元格.app */,
				6CE0E2092507D85300088ED9 /* 折叠单元格Tests.xctest */,
				6CE0E2142507D85300088ED9 /* 折叠单元格UITests.xctest */,
			);
			name = Products;
			sourceTree = "<group>";
		};
		6CE0E1F02507D85000088ED9 /* 折叠单元格 */ = {
			isa = PBXGroup;
			children = (
				6CE0E1F12507D85000088ED9 /* AppDelegate.h */,
				6CE0E1F22507D85000088ED9 /* AppDelegate.m */,
				6CE0E1F42507D85000088ED9 /* SceneDelegate.h */,
				6CE0E1F52507D85000088ED9 /* SceneDelegate.m */,
				6CE0E1F72507D85000088ED9 /* ViewController.h */,
				6CE0E1F82507D85000088ED9 /* ViewController.m */,
				6CE0E2262507DBF100088ED9 /* ViewTableViewCell.h */,
				6CE0E2272507DBF100088ED9 /* ViewTableViewCell.m */,
				6CE0E1FA2507D85000088ED9 /* Main.storyboard */,
				6CE0E1FD2507D85300088ED9 /* Assets.xcassets */,
				6CE0E1FF2507D85300088ED9 /* LaunchScreen.storyboard */,
				6CE0E2022507D85300088ED9 /* Info.plist */,
				6CE0E2032507D85300088ED9 /* main.m */,
			);
			path = "折叠单元格";
			sourceTree = "<group>";
		};
		6CE0E20C2507D85300088ED9 /* 折叠单元格Tests */ = {
			isa = PBXGroup;
			children = (
				6CE0E20D2507D85300088ED9 /* _____Tests.m */,
				6CE0E20F2507D85300088ED9 /* Info.plist */,
			);
			path = "折叠单元格Tests";
			sourceTree = "<group>";
		};
		6CE0E2172507D85300088ED9 /* 折叠单元格UITests */ = {
			isa = PBXGroup;
			children = (
				6CE0E2182507D85300088ED9 /* _____UITests.m */,
				6CE0E21A2507D85300088ED9 /* Info.plist */,
			);
			path = "折叠单元格UITests";
			sourceTree = "<group>";
		};
		91F8D0D20E3B4993C4AAC61A /* Frameworks */ = {
			isa = PBXGroup;
			children = (
				40A5B6E0A016E48FC48B44D2 /* libPods-折叠单元格.a */,
			);
			name = Frameworks;
			sourceTree = "<group>";
		};
/* End PBXGroup section */

/* Begin PBXNativeTarget section */
		6CE0E1ED2507D85000088ED9 /* 折叠单元格 */ = {
			isa = PBXNativeTarget;
			buildConfigurationList = 6CE0E21D2507D85300088ED9 /* Build configuration list for PBXNativeTarget "折叠单元格" */;
			buildPhases = (
				573AC5C7927CB2B1D126EBFE /* [CP] Check Pods Manifest.lock */,
				6CE0E1EA2507D85000088ED9 /* Sources */,
				6CE0E1EB2507D85000088ED9 /* Frameworks */,
				6CE0E1EC2507D85000088ED9 /* Resources */,
			);
			buildRules = (
			);
			dependencies = (
			);
			name = "折叠单元格";
			productName = "折叠单元格";
			productReference = 6CE0E1EE2507D85000088ED9 /* 折叠单元格.app */;
			productType = "com.apple.product-type.application";
		};
		6CE0E2082507D85300088ED9 /* 折叠单元格Tests */ = {
			isa = PBXNativeTarget;
			buildConfigurationList = 6CE0E2202507D85300088ED9 /* Build configuration list for PBXNativeTarget "折叠单元格Tests" */;
			buildPhases = (
				6CE0E2052507D85300088ED9 /* Sources */,
				6CE0E2062507D85300088ED9 /* Frameworks */,
				6CE0E2072507D85300088ED9 /* Resources */,
			);
			buildRules = (
			);
			dependencies = (
				6CE0E20B2507D85300088ED9 /* PBXTargetDependency */,
			);
			name = "折叠单元格Tests";
			productName = "折叠单元格Tests";
			productReference = 6CE0E2092507D85300088ED9 /* 折叠单元格Tests.xctest */;
			productType = "com.apple.product-type.bundle.unit-test";
		};
		6CE0E2132507D85300088ED9 /* 折叠单元格UITests */ = {
			isa = PBXNativeTarget;
			buildConfigurationList = 6CE0E2232507D85300088ED9 /* Build configuration list for PBXNativeTarget "折叠单元格UITests" */;
			buildPhases = (
				6CE0E2102507D85300088ED9 /* Sources */,
				6CE0E2112507D85300088ED9 /* Frameworks */,
				6CE0E2122507D85300088ED9 /* Resources */,
			);
			buildRules = (
			);
			dependencies = (
				6CE0E2162507D85300088ED9 /* PBXTargetDependency */,
			);
			name = "折叠单元格UITests";
			productName = "折叠单元格UITests";
			productReference = 6CE0E2142507D85300088ED9 /* 折叠单元格UITests.xctest */;
			productType = "com.apple.product-type.bundle.ui-testing";
		};
/* End PBXNativeTarget section */

/* Begin PBXProject section */
		6CE0E1E62507D85000088ED9 /* Project object */ = {
			isa = PBXProject;
			attributes = {
				LastUpgradeCheck = 1150;
				ORGANIZATIONNAME = "房彤";
				TargetAttributes = {
					6CE0E1ED2507D85000088ED9 = {
						CreatedOnToolsVersion = 11.5;
					};
					6CE0E2082507D85300088ED9 = {
						CreatedOnToolsVersion = 11.5;
						TestTargetID = 6CE0E1ED2507D85000088ED9;
					};
					6CE0E2132507D85300088ED9 = {
						CreatedOnToolsVersion = 11.5;
						TestTargetID = 6CE0E1ED2507D85000088ED9;
					};
				};
			};
			buildConfigurationList = 6CE0E1E92507D85000088ED9 /* Build configuration list for PBXProject "折叠单元格" */;
			compatibilityVersion = "Xcode 9.3";
			developmentRegion = en;
			hasScannedForEncodings = 0;
			knownRegions = (
				en,
				Base,
			);
			mainGroup = 6CE0E1E52507D85000088ED9;
			productRefGroup = 6CE0E1EF2507D85000088ED9 /* Products */;
			projectDirPath = "";
			projectRoot = "";
			targets = (
				6CE0E1ED2507D85000088ED9 /* 折叠单元格 */,
				6CE0E2082507D85300088ED9 /* 折叠单元格Tests */,
				6CE0E2132507D85300088ED9 /* 折叠单元格UITests */,
			);
		};
/* End PBXProject section */

/* Begin PBXResourcesBuildPhase section */
		6CE0E1EC2507D85000088ED9 /* Resources */ = {
			isa = PBXResourcesBuildPhase;
			buildActionMask = 2147483647;
			files = (
				6C4C671D2508D69B00EB6B7B /* kai.png in Resources */,
				6CE0E2012507D85300088ED9 /* LaunchScreen.storyboard in Resources */,
				6CE0E2442507F4E100088ED9 /* 4.png in Resources */,
				6CE0E1FE2507D85300088ED9 /* Assets.xcassets in Resources */,
				6CE0E2412507F4E100088ED9 /* 2.png in Resources */,
				6CE0E2432507F4E100088ED9 /* 3.png in Resources */,
				6C4C671F2508D6A000EB6B7B /* shou.png in Resources */,
				6CE0E2452507F4E100088ED9 /* 5.png in Resources */,
				6CE0E1FC2507D85000088ED9 /* Main.storyboard in Resources */,
				6CE0E2422507F4E100088ED9 /* 1.png in Resources */,
			);
			runOnlyForDeploymentPostprocessing = 0;
		};
		6CE0E2072507D85300088ED9 /* Resources */ = {
			isa = PBXResourcesBuildPhase;
			buildActionMask = 2147483647;
			files = (
			);
			runOnlyForDeploymentPostprocessing = 0;
		};
		6CE0E2122507D85300088ED9 /* Resources */ = {
			isa = PBXResourcesBuildPhase;
			buildActionMask = 2147483647;
			files = (
			);
			runOnlyForDeploymentPostprocessing = 0;
		};
/* End PBXResourcesBuildPhase section */

/* Begin PBXShellScriptBuildPhase section */
		573AC5C7927CB2B1D126EBFE /* [CP] Check Pods Manifest.lock */ = {
			isa = PBXShellScriptBuildPhase;
			buildActionMask = 2147483647;
			files = (
			);
			inputFileListPaths = (
			);
			inputPaths = (
				"${PODS_PODFILE_DIR_PATH}/Podfile.lock",
				"${PODS_ROOT}/Manifest.lock",
			);
			name = "[CP] Check Pods Manifest.lock";
			outputFileListPaths = (
			);
			outputPaths = (
				"$(DERIVED_FILE_DIR)/Pods-折叠单元格-checkManifestLockResult.txt",
			);
			runOnlyForDeploymentPostprocessing = 0;
			shellPath = /bin/sh;
			shellScript = "diff \"${PODS_PODFILE_DIR_PATH}/Podfile.lock\" \"${PODS_ROOT}/Manifest.lock\" > /dev/null\nif [ $? != 0 ] ; then\n    # print error to STDERR\n    echo \"error: The sandbox is not in sync with the Podfile.lock. Run 'pod install' or update your CocoaPods installation.\" >&2\n    exit 1\nfi\n# This output is used by Xcode 'outputs' to avoid re-running this script phase.\necho \"SUCCESS\" > \"${SCRIPT_OUTPUT_FILE_0}\"\n";
			showEnvVarsInLog = 0;
		};
/* End PBXShellScriptBuildPhase section */

/* Begin PBXSourcesBuildPhase section */
		6CE0E1EA2507D85000088ED9 /* Sources */ = {
			isa = PBXSourcesBuildPhase;
			buildActionMask = 2147483647;
			files = (
				6CE0E1F92507D85000088ED9 /* ViewController.m in Sources */,
				6CE0E1F32507D85000088ED9 /* AppDelegate.m in Sources */,
				6CE0E2042507D85300088ED9 /* main.m in Sources */,
				6CE0E2282507DBF100088ED9 /* ViewTableViewCell.m in Sources */,
				6CE0E1F62507D85000088ED9 /* SceneDelegate.m in Sources */,
			);
			runOnlyForDeploymentPostprocessing = 0;
		};
		6CE0E2052507D85300088ED9 /* Sources */ = {
			isa = PBXSourcesBuildPhase;
			buildActionMask = 2147483647;
			files = (
				6CE0E20E2507D85300088ED9 /* _____Tests.m in Sources */,
			);
			runOnlyForDeploymentPostprocessing = 0;
		};
		6CE0E2102507D85300088ED9 /* Sources */ = {
			isa = PBXSourcesBuildPhase;
			buildActionMask = 2147483647;
			files = (
				6CE0E2192507D85300088ED9 /* _____UITests.m in Sources */,
			);
			runOnlyForDeploymentPostprocessing = 0;
		};
/* End PBXSourcesBuildPhase section */

/* Begin PBXTargetDependency section */
		6CE0E20B2507D85300088ED9 /* PBXTargetDependency */ = {
			isa = PBXTargetDependency;
			target = 6CE0E1ED2507D85000088ED9 /* 折叠单元格 */;
			targetProxy = 6CE0E20A2507D85300088ED9 /* PBXContainerItemProxy */;
		};
		6CE0E2162507D85300088ED9 /* PBXTargetDependency */ = {
			isa = PBXTargetDependency;
			target = 6CE0E1ED2507D85000088ED9 /* 折叠单元格 */;
			targetProxy = 6CE0E2152507D85300088ED9 /* PBXContainerItemProxy */;
		};
/* End PBXTargetDependency section */

/* Begin PBXVariantGroup section */
		6CE0E1FA2507D85000088ED9 /* Main.storyboard */ = {
			isa = PBXVariantGroup;
			children = (
				6CE0E1FB2507D85000088ED9 /* Base */,
			);
			name = Main.storyboard;
			sourceTree = "<group>";
		};
		6CE0E1FF2507D85300088ED9 /* LaunchScreen.storyboard */ = {
			isa = PBXVariantGroup;
			children = (
				6CE0E2002507D85300088ED9 /* Base */,
			);
			name = LaunchScreen.storyboard;
			sourceTree = "<group>";
		};
/* End PBXVariantGroup section */

/* Begin XCBuildConfiguration section */
		6CE0E21B2507D85300088ED9 /* Debug */ = {
			isa = XCBuildConfiguration;
			buildSettings = {
				ALWAYS_SEARCH_USER_PATHS = NO;
				CLANG_ANALYZER_NONNULL = YES;
				CLANG_ANALYZER_NUMBER_OBJECT_CONVERSION = YES_AGGRESSIVE;
				CLANG_CXX_LANGUAGE_STANDARD = "gnu++14";
				CLANG_CXX_LIBRARY = "libc++";
				CLANG_ENABLE_MODULES = YES;
				CLANG_ENABLE_OBJC_ARC = YES;
				CLANG_ENABLE_OBJC_WEAK = YES;
				CLANG_WARN_BLOCK_CAPTURE_AUTORELEASING = YES;
				CLANG_WARN_BOOL_CONVERSION = YES;
				CLANG_WARN_COMMA = YES;
				CLANG_WARN_CONSTANT_CONVERSION = YES;
				CLANG_WARN_DEPRECATED_OBJC_IMPLEMENTATIONS = YES;
				CLANG_WARN_DIRECT_OBJC_ISA_USAGE = YES_ERROR;
				CLANG_WARN_DOCUMENTATION_COMMENTS = YES;
				CLANG_WARN_EMPTY_BODY = YES;
				CLANG_WARN_ENUM_CONVERSION = YES;
				CLANG_WARN_INFINITE_RECURSION = YES;
				CLANG_WARN_INT_CONVERSION = YES;
				CLANG_WARN_NON_LITERAL_NULL_CONVERSION = YES;
				CLANG_WARN_OBJC_IMPLICIT_RETAIN_SELF = YES;
				CLANG_WARN_OBJC_LITERAL_CONVERSION = YES;
				CLANG_WARN_OBJC_ROOT_CLASS = YES_ERROR;
				CLANG_WARN_RANGE_LOOP_ANALYSIS = YES;
				CLANG_WARN_STRICT_PROTOTYPES = YES;
				CLANG_WARN_SUSPICIOUS_MOVE = YES;
				CLANG_WARN_UNGUARDED_AVAILABILITY = YES_AGGRESSIVE;
				CLANG_WARN_UNREACHABLE_CODE = YES;
				CLANG_WARN__DUPLICATE_METHOD_MATCH = YES;
				COPY_PHASE_STRIP = NO;
				DEBUG_INFORMATION_FORMAT = dwarf;
				ENABLE_STRICT_OBJC_MSGSEND = YES;
				ENABLE_TESTABILITY = YES;
				GCC_C_LANGUAGE_STANDARD = gnu11;
				GCC_DYNAMIC_NO_PIC = NO;
				GCC_NO_COMMON_BLOCKS = YES;
				GCC_OPTIMIZATION_LEVEL = 0;
				GCC_PREPROCESSOR_DEFINITIONS = (
					"DEBUG=1",
					"$(inherited)",
				);
				GCC_WARN_64_TO_32_BIT_CONVERSION = YES;
				GCC_WARN_ABOUT_RETURN_TYPE = YES_ERROR;
				GCC_WARN_UNDECLARED_SELECTOR = YES;
				GCC_WARN_UNINITIALIZED_AUTOS = YES_AGGRESSIVE;
				GCC_WARN_UNUSED_FUNCTION = YES;
				GCC_WARN_UNUSED_VARIABLE = YES;
				IPHONEOS_DEPLOYMENT_TARGET = 13.5;
				MTL_ENABLE_DEBUG_INFO = INCLUDE_SOURCE;
				MTL_FAST_MATH = YES;
				ONLY_ACTIVE_ARCH = YES;
				SDKROOT = iphoneos;
			};
			name = Debug;
		};
		6CE0E21C2507D85300088ED9 /* Release */ = {
			isa = XCBuildConfiguration;
			buildSettings = {
				ALWAYS_SEARCH_USER_PATHS = NO;
				CLANG_ANALYZER_NONNULL = YES;
				CLANG_ANALYZER_NUMBER_OBJECT_CONVERSION = YES_AGGRESSIVE;
				CLANG_CXX_LANGUAGE_STANDARD = "gnu++14";
				CLANG_CXX_LIBRARY = "libc++";
				CLANG_ENABLE_MODULES = YES;
				CLANG_ENABLE_OBJC_ARC = YES;
				CLANG_ENABLE_OBJC_WEAK = YES;
				CLANG_WARN_BLOCK_CAPTURE_AUTORELEASING = YES;
				CLANG_WARN_BOOL_CONVERSION = YES;
				CLANG_WARN_COMMA = YES;
				CLANG_WARN_CONSTANT_CONVERSION = YES;
				CLANG_WARN_DEPRECATED_OBJC_IMPLEMENTATIONS = YES;
				CLANG_WARN_DIRECT_OBJC_ISA_USAGE = YES_ERROR;
				CLANG_WARN_DOCUMENTATION_COMMENTS = YES;
				CLANG_WARN_EMPTY_BODY = YES;
				CLANG_WARN_ENUM_CONVERSION = YES;
				CLANG_WARN_INFINITE_RECURSION = YES;
				CLANG_WARN_INT_CONVERSION = YES;
				CLANG_WARN_NON_LITERAL_NULL_CONVERSION = YES;
				CLANG_WARN_OBJC_IMPLICIT_RETAIN_SELF = YES;
				CLANG_WARN_OBJC_LITERAL_CONVERSION = YES;
				CLANG_WARN_OBJC_ROOT_CLASS = YES_ERROR;
				CLANG_WARN_RANGE_LOOP_ANALYSIS = YES;
				CLANG_WARN_STRICT_PROTOTYPES = YES;
				CLANG_WARN_SUSPICIOUS_MOVE = YES;
				CLANG_WARN_UNGUARDED_AVAILABILITY = YES_AGGRESSIVE;
				CLANG_WARN_UNREACHABLE_CODE = YES;
				CLANG_WARN__DUPLICATE_METHOD_MATCH = YES;
				COPY_PHASE_STRIP = NO;
				DEBUG_INFORMATION_FORMAT = "dwarf-with-dsym";
				ENABLE_NS_ASSERTIONS = NO;
				ENABLE_STRICT_OBJC_MSGSEND = YES;
				GCC_C_LANGUAGE_STANDARD = gnu11;
				GCC_NO_COMMON_BLOCKS = YES;
				GCC_WARN_64_TO_32_BIT_CONVERSION = YES;
				GCC_WARN_ABOUT_RETURN_TYPE = YES_ERROR;
				GCC_WARN_UNDECLARED_SELECTOR = YES;
				GCC_WARN_UNINITIALIZED_AUTOS = YES_AGGRESSIVE;
				GCC_WARN_UNUSED_FUNCTION = YES;
				GCC_WARN_UNUSED_VARIABLE = YES;
				IPHONEOS_DEPLOYMENT_TARGET = 13.5;
				MTL_ENABLE_DEBUG_INFO = NO;
				MTL_FAST_MATH = YES;
				SDKROOT = iphoneos;
				VALIDATE_PRODUCT = YES;
			};
			name = Release;
		};
		6CE0E21E2507D85300088ED9 /* Debug */ = {
			isa = XCBuildConfiguration;
			baseConfigurationReference = CF43FC89A594FBD30BDDF56F /* Pods-折叠单元格.debug.xcconfig */;
			buildSettings = {
				ASSETCATALOG_COMPILER_APPICON_NAME = AppIcon;
				CODE_SIGN_STYLE = Automatic;
				INFOPLIST_FILE = "折叠单元格/Info.plist";
				LD_RUNPATH_SEARCH_PATHS = (
					"$(inherited)",
					"@executable_path/Frameworks",
				);
				PRODUCT_BUNDLE_IDENTIFIER = "fangtong.-----";
				PRODUCT_NAME = "$(TARGET_NAME)";
				TARGETED_DEVICE_FAMILY = "1,2";
			};
			name = Debug;
		};
		6CE0E21F2507D85300088ED9 /* Release */ = {
			isa = XCBuildConfiguration;
			baseConfigurationReference = D3C7698EB3D954770E763E3F /* Pods-折叠单元格.release.xcconfig */;
			buildSettings = {
				ASSETCATALOG_COMPILER_APPICON_NAME = AppIcon;
				CODE_SIGN_STYLE = Automatic;
				INFOPLIST_FILE = "折叠单元格/Info.plist";
				LD_RUNPATH_SEARCH_PATHS = (
					"$(inherited)",
					"@executable_path/Frameworks",
				);
				PRODUCT_BUNDLE_IDENTIFIER = "fangtong.-----";
				PRODUCT_NAME = "$(TARGET_NAME)";
				TARGETED_DEVICE_FAMILY = "1,2";
			};
			name = Release;
		};
		6CE0E2212507D85300088ED9 /* Debug */ = {
			isa = XCBuildConfiguration;
			buildSettings = {
				BUNDLE_LOADER = "$(TEST_HOST)";
				CODE_SIGN_STYLE = Automatic;
				INFOPLIST_FILE = "折叠单元格Tests/Info.plist";
				IPHONEOS_DEPLOYMENT_TARGET = 13.5;
				LD_RUNPATH_SEARCH_PATHS = (
					"$(inherited)",
					"@executable_path/Frameworks",
					"@loader_path/Frameworks",
				);
				PRODUCT_BUNDLE_IDENTIFIER = "fangtong.-----Tests";
				PRODUCT_NAME = "$(TARGET_NAME)";
				TARGETED_DEVICE_FAMILY = "1,2";
				TEST_HOST = "$(BUILT_PRODUCTS_DIR)/折叠单元格.app/折叠单元格";
			};
			name = Debug;
		};
		6CE0E2222507D85300088ED9 /* Release */ = {
			isa = XCBuildConfiguration;
			buildSettings = {
				BUNDLE_LOADER = "$(TEST_HOST)";
				CODE_SIGN_STYLE = Automatic;
				INFOPLIST_FILE = "折叠单元格Tests/Info.plist";
				IPHONEOS_DEPLOYMENT_TARGET = 13.5;
				LD_RUNPATH_SEARCH_PATHS = (
					"$(inherited)",
					"@executable_path/Frameworks",
					"@loader_path/Frameworks",
				);
				PRODUCT_BUNDLE_IDENTIFIER = "fangtong.-----Tests";
				PRODUCT_NAME = "$(TARGET_NAME)";
				TARGETED_DEVICE_FAMILY = "1,2";
				TEST_HOST = "$(BUILT_PRODUCTS_DIR)/折叠单元格.app/折叠单元格";
			};
			name = Release;
		};
		6CE0E2242507D85300088ED9 /* Debug */ = {
			isa = XCBuildConfiguration;
			buildSettings = {
				CODE_SIGN_STYLE = Automatic;
				INFOPLIST_FILE = "折叠单元格UITests/Info.plist";
				LD_RUNPATH_SEARCH_PATHS = (
					"$(inherited)",
					"@executable_path/Frameworks",
					"@loader_path/Frameworks",
				);
				PRODUCT_BUNDLE_IDENTIFIER = "fangtong.-----UITests";
				PRODUCT_NAME = "$(TARGET_NAME)";
				TARGETED_DEVICE_FAMILY = "1,2";
				TEST_TARGET_NAME = "折叠单元格";
			};
			name = Debug;
		};
		6CE0E2252507D85300088ED9 /* Release */ = {
			isa = XCBuildConfiguration;
			buildSettings = {
				CODE_SIGN_STYLE = Automatic;
				INFOPLIST_FILE = "折叠单元格UITests/Info.plist";
				LD_RUNPATH_SEARCH_PATHS = (
					"$(inherited)",
					"@executable_path/Frameworks",
					"@loader_path/Frameworks",
				);
				PRODUCT_BUNDLE_IDENTIFIER = "fangtong.-----UITests";
				PRODUCT_NAME = "$(TARGET_NAME)";
				TARGETED_DEVICE_FAMILY = "1,2";
				TEST_TARGET_NAME = "折叠单元格";
			};
			name = Release;
		};
/* End XCBuildConfiguration section */

/* Begin XCConfigurationList section */
		6CE0E1E92507D85000088ED9 /* Build configuration list for PBXProject "折叠单元格" */ = {
			isa = XCConfigurationList;
			buildConfigurations = (
				6CE0E21B2507D85300088ED9 /* Debug */,
				6CE0E21C2507D85300088ED9 /* Release */,
			);
			defaultConfigurationIsVisible = 0;
			defaultConfigurationName = Release;
		};
		6CE0E21D2507D85300088ED9 /* Build configuration list for PBXNativeTarget "折叠单元格" */ = {
			isa = XCConfigurationList;
			buildConfigurations = (
				6CE0E21E2507D85300088ED9 /* Debug */,
				6CE0E21F2507D85300088ED9 /* Release */,
			);
			defaultConfigurationIsVisible = 0;
			defaultConfigurationName = Release;
		};
		6CE0E2202507D85300088ED9 /* Build configuration list for PBXNativeTarget "折叠单元格Tests" */ = {
			isa = XCConfigurationList;
			buildConfigurations = (
				6CE0E2212507D85300088ED9 /* Debug */,
				6CE0E2222507D85300088ED9 /* Release */,
			);
			defaultConfigurationIsVisible = 0;
			defaultConfigurationName = Release;
		};
		6CE0E2232507D85300088ED9 /* Build configuration list for PBXNativeTarget "折叠单元格UITests" */ = {
			isa = XCConfigurationList;
			buildConfigurations = (
				6CE0E2242507D85300088ED9 /* Debug */,
				6CE0E2252507D85300088ED9 /* Release */,
			);
			defaultConfigurationIsVisible = 0;
			defaultConfigurationName = Release;
		};
/* End XCConfigurationList section */
	};
	rootObject = 6CE0E1E62507D85000088ED9 /* Project object */;
}
